
Microsoft Visual Studio Solution File, Format Version 12.00
# Visual Studio Version 16
VisualStudioVersion = 16.0.33328.57
MinimumVisualStudioVersion = 10.0.40219.1
Project("{FAE04EC0-301F-11D3-BF4B-00C04F79EFBC}") = "ConsoleApp", "ConsoleApp.csproj", "{ABF56200-D573-4670-95CD-015058E7D693}"
EndProject
Global
	GlobalSection(SolutionConfigurationPlatforms) = preSolution
		Debug|Any CPU = Debug|Any CPU
		Release|Any CPU = Release|Any CPU
	EndGlobalSection
	GlobalSection(ProjectConfigurationPlatforms) = postSolution
		{ABF56200-D573-4670-95CD-015058E7D693}.Debug|Any CPU.ActiveCfg = Debug|Any CPU
		{ABF56200-D573-4670-95CD-015058E7D693}.Debug|Any CPU.Build.0 = Debug|Any CPU
		{ABF56200-D573-4670-95CD-015058E7D693}.Release|Any CPU.ActiveCfg = Release|Any CPU
		{ABF56200-D573-4670-95CD-015058E7D693}.Release|Any CPU.Build.0 = Release|Any CPU
	EndGlobalSection
	GlobalSection(SolutionProperties) = preSolution
		HideSolutionNode = FALSE
	EndGlobalSection
	GlobalSection(ExtensibilityGlobals) = postSolution
		SolutionGuid = {F38BAD44-5DCD-418E-99EE-DC098780CDF1}
	EndGlobalSection
EndGlobal
